github.com/taylormonacelli/forestfish v0.0.2 h1:/JheT+WsmBFT3RN0JQu6MGfS6uPlnY/OReSwtXSu2OE=
github.com/taylormonacelli/forestfish v0.0.2/go.mod h1:/r1GlaTaaRRtK+SzKz7pjRKmhl/9h1aiRNr2yJOoVm8=
github.com/taylormonacelli/goldbug v0.0.5 h1:7PplDdbe1ra+2XbLIS4kReVXmf0kSyOQoM1xicSH4H0=
github.com/taylormonacelli/goldbug v0.0.5/go.mod h1:HN8Mpu5DRSZSG6ZOGVZN06Suhnx2paUhXVyekhniaDI=
